
Microsoft Visual Studio Solution File, Format Version 12.00
# Visual Studio Version 17
VisualStudioVersion = 17.9.34723.18
MinimumVisualStudioVersion = 10.0.40219.1
Project("{FAE04EC0-301F-11D3-BF4B-00C04F79EFBC}") = "bai1", "bai1\bai1.csproj", "{7BB8A8EB-E1F4-4E42-84F1-936206594006}"
EndProject
Global
	GlobalSection(SolutionConfigurationPlatforms) = preSolution
		Debug|Any CPU = Debug|Any CPU
		Release|Any CPU = Release|Any CPU
	EndGlobalSection
	GlobalSection(ProjectConfigurationPlatforms) = postSolution
		{7BB8A8EB-E1F4-4E42-84F1-936206594006}.Debug|Any CPU.ActiveCfg = Debug|Any CPU
		{7BB8A8EB-E1F4-4E42-84F1-936206594006}.Debug|Any CPU.Build.0 = Debug|Any CPU
		{7BB8A8EB-E1F4-4E42-84F1-936206594006}.Release|Any CPU.ActiveCfg = Release|Any CPU
		{7BB8A8EB-E1F4-4E42-84F1-936206594006}.Release|Any CPU.Build.0 = Release|Any CPU
	EndGlobalSection
	GlobalSection(SolutionProperties) = preSolution
		HideSolutionNode = FALSE
	EndGlobalSection
	GlobalSection(ExtensibilityGlobals) = postSolution
		SolutionGuid = {7A20F522-2D24-4D1F-B32C-BC7DFA899156}
	EndGlobalSection
EndGlobal
